
Microsoft Visual Studio Solution File, Format Version 12.00
# Visual Studio 14
VisualStudioVersion = 14.0.23107.0
MinimumVisualStudioVersion = 10.0.40219.1
Project("{FAE04EC0-301F-11D3-BF4B-00C04F79EFBC}") = "DAL", "ClassObjectLibrary\DAL.csproj", "{5F0DF07D-E750-42AB-A4AC-7A7417EA870D}"
EndProject
Project("{FAE04EC0-301F-11D3-BF4B-00C04F79EFBC}") = "CSharpAPI", "csharpclient\CSharpAPI.csproj", "{8EDE0744-96C2-40B0-A8DC-37DF79370203}"
EndProject
Project("{FAE04EC0-301F-11D3-BF4B-00C04F79EFBC}") = "IBSamples", "IBSamples\IBSamples.csproj", "{F54B4AD1-305E-4089-A1A0-FB9EE5A84040}"
EndProject
Project("{FAE04EC0-301F-11D3-BF4B-00C04F79EFBC}") = "Model", "Model\Model.csproj", "{7B18096D-0D5E-466F-BB23-2D14B64AF5DE}"
EndProject
Project("{FAE04EC0-301F-11D3-BF4B-00C04F79EFBC}") = "Utility", "Utility\Utility.csproj", "{1A41C636-B18D-4313-8256-77F5D547F689}"
EndProject
Project("{FAE04EC0-301F-11D3-BF4B-00C04F79EFBC}") = "BOL", "BOL\BOL.csproj", "{993F57F5-85E2-493C-A9D8-518A27064CA8}"
EndProject
Global
	GlobalSection(SolutionConfigurationPlatforms) = preSolution
		Debug|Any CPU = Debug|Any CPU
		Debug|x86 = Debug|x86
		Release|Any CPU = Release|Any CPU
		Release|x86 = Release|x86
	EndGlobalSection
	GlobalSection(ProjectConfigurationPlatforms) = postSolution
		{5F0DF07D-E750-42AB-A4AC-7A7417EA870D}.Debug|Any CPU.ActiveCfg = Debug|Any CPU
		{5F0DF07D-E750-42AB-A4AC-7A7417EA870D}.Debug|Any CPU.Build.0 = Debug|Any CPU
		{5F0DF07D-E750-42AB-A4AC-7A7417EA870D}.Debug|x86.ActiveCfg = Debug|Any CPU
		{5F0DF07D-E750-42AB-A4AC-7A7417EA870D}.Debug|x86.Build.0 = Debug|Any CPU
		{5F0DF07D-E750-42AB-A4AC-7A7417EA870D}.Release|Any CPU.ActiveCfg = Release|Any CPU
		{5F0DF07D-E750-42AB-A4AC-7A7417EA870D}.Release|Any CPU.Build.0 = Release|Any CPU
		{5F0DF07D-E750-42AB-A4AC-7A7417EA870D}.Release|x86.ActiveCfg = Release|Any CPU
		{5F0DF07D-E750-42AB-A4AC-7A7417EA870D}.Release|x86.Build.0 = Release|Any CPU
		{8EDE0744-96C2-40B0-A8DC-37DF79370203}.Debug|Any CPU.ActiveCfg = Debug|x86
		{8EDE0744-96C2-40B0-A8DC-37DF79370203}.Debug|x86.ActiveCfg = Debug|x86
		{8EDE0744-96C2-40B0-A8DC-37DF79370203}.Debug|x86.Build.0 = Debug|x86
		{8EDE0744-96C2-40B0-A8DC-37DF79370203}.Release|Any CPU.ActiveCfg = Release|x86
		{8EDE0744-96C2-40B0-A8DC-37DF79370203}.Release|x86.ActiveCfg = Release|x86
		{8EDE0744-96C2-40B0-A8DC-37DF79370203}.Release|x86.Build.0 = Release|x86
		{F54B4AD1-305E-4089-A1A0-FB9EE5A84040}.Debug|Any CPU.ActiveCfg = Debug|x86
		{F54B4AD1-305E-4089-A1A0-FB9EE5A84040}.Debug|x86.ActiveCfg = Debug|x86
		{F54B4AD1-305E-4089-A1A0-FB9EE5A84040}.Debug|x86.Build.0 = Debug|x86
		{F54B4AD1-305E-4089-A1A0-FB9EE5A84040}.Release|Any CPU.ActiveCfg = Release|x86
		{F54B4AD1-305E-4089-A1A0-FB9EE5A84040}.Release|x86.ActiveCfg = Release|x86
		{F54B4AD1-305E-4089-A1A0-FB9EE5A84040}.Release|x86.Build.0 = Release|x86
		{7B18096D-0D5E-466F-BB23-2D14B64AF5DE}.Debug|Any CPU.ActiveCfg = Debug|Any CPU
		{7B18096D-0D5E-466F-BB23-2D14B64AF5DE}.Debug|Any CPU.Build.0 = Debug|Any CPU
		{7B18096D-0D5E-466F-BB23-2D14B64AF5DE}.Debug|x86.ActiveCfg = Debug|Any CPU
		{7B18096D-0D5E-466F-BB23-2D14B64AF5DE}.Debug|x86.Build.0 = Debug|Any CPU
		{7B18096D-0D5E-466F-BB23-2D14B64AF5DE}.Release|Any CPU.ActiveCfg = Release|Any CPU
		{7B18096D-0D5E-466F-BB23-2D14B64AF5DE}.Release|Any CPU.Build.0 = Release|Any CPU
		{7B18096D-0D5E-466F-BB23-2D14B64AF5DE}.Release|x86.ActiveCfg = Release|Any CPU
		{7B18096D-0D5E-466F-BB23-2D14B64AF5DE}.Release|x86.Build.0 = Release|Any CPU
		{1A41C636-B18D-4313-8256-77F5D547F689}.Debug|Any CPU.ActiveCfg = Debug|Any CPU
		{1A41C636-B18D-4313-8256-77F5D547F689}.Debug|Any CPU.Build.0 = Debug|Any CPU
		{1A41C636-B18D-4313-8256-77F5D547F689}.Debug|x86.ActiveCfg = Debug|Any CPU
		{1A41C636-B18D-4313-8256-77F5D547F689}.Debug|x86.Build.0 = Debug|Any CPU
		{1A41C636-B18D-4313-8256-77F5D547F689}.Release|Any CPU.ActiveCfg = Release|Any CPU
		{1A41C636-B18D-4313-8256-77F5D547F689}.Release|Any CPU.Build.0 = Release|Any CPU
		{1A41C636-B18D-4313-8256-77F5D547F689}.Release|x86.ActiveCfg = Release|Any CPU
		{1A41C636-B18D-4313-8256-77F5D547F689}.Release|x86.Build.0 = Release|Any CPU
		{993F57F5-85E2-493C-A9D8-518A27064CA8}.Debug|Any CPU.ActiveCfg = Debug|Any CPU
		{993F57F5-85E2-493C-A9D8-518A27064CA8}.Debug|Any CPU.Build.0 = Debug|Any CPU
		{993F57F5-85E2-493C-A9D8-518A27064CA8}.Debug|x86.ActiveCfg = Debug|Any CPU
		{993F57F5-85E2-493C-A9D8-518A27064CA8}.Debug|x86.Build.0 = Debug|Any CPU
		{993F57F5-85E2-493C-A9D8-518A27064CA8}.Release|Any CPU.ActiveCfg = Release|Any CPU
		{993F57F5-85E2-493C-A9D8-518A27064CA8}.Release|Any CPU.Build.0 = Release|Any CPU
		{993F57F5-85E2-493C-A9D8-518A27064CA8}.Release|x86.ActiveCfg = Release|Any CPU
		{993F57F5-85E2-493C-A9D8-518A27064CA8}.Release|x86.Build.0 = Release|Any CPU
	EndGlobalSection
	GlobalSection(SolutionProperties) = preSolution
		HideSolutionNode = FALSE
	EndGlobalSection
	GlobalSection(TeamFoundationVersionControl) = preSolution
		SccNumberOfProjects = 7
		SccEnterpriseProvider = {4CA58AB2-18FA-4F8D-95D4-32DDF27D184C}
		SccTeamFoundationServer = https://herbgem.visualstudio.com/defaultcollection
		SccLocalPath0 = .
		SccProjectUniqueName1 = ClassObjectLibrary\\DAL.csproj
		SccProjectName1 = ClassObjectLibrary
		SccLocalPath1 = ClassObjectLibrary
		SccProjectUniqueName2 = csharpclient\\CSharpAPI.csproj
		SccProjectName2 = csharpclient
		SccLocalPath2 = csharpclient
		SccProjectUniqueName3 = IBSamples\\IBSamples.csproj
		SccProjectName3 = IBSamples
		SccLocalPath3 = IBSamples
		SccProjectUniqueName4 = Model\\Model.csproj
		SccProjectName4 = Model
		SccLocalPath4 = Model
		SccProjectUniqueName5 = Utility\\Utility.csproj
		SccProjectName5 = Utility
		SccLocalPath5 = Utility
		SccProjectUniqueName6 = BOL\\BOL.csproj
		SccProjectName6 = BOL
		SccLocalPath6 = BOL
	EndGlobalSection
EndGlobal
